
Microsoft Visual Studio Solution File, Format Version 12.00
# Visual Studio Version 16
VisualStudioVersion = 16.0.33214.272
MinimumVisualStudioVersion = 10.0.40219.1
Project("{FAE04EC0-301F-11D3-BF4B-00C04F79EFBC}") = "mission9_ear69", "mission9_ear69.csproj", "{2FDBCD43-EFFC-405F-AD31-FC08F336FA55}"
EndProject
Global
	GlobalSection(SolutionConfigurationPlatforms) = preSolution
		Debug|Any CPU = Debug|Any CPU
		Release|Any CPU = Release|Any CPU
	EndGlobalSection
	GlobalSection(ProjectConfigurationPlatforms) = postSolution
		{2FDBCD43-EFFC-405F-AD31-FC08F336FA55}.Debug|Any CPU.ActiveCfg = Debug|Any CPU
		{2FDBCD43-EFFC-405F-AD31-FC08F336FA55}.Debug|Any CPU.Build.0 = Debug|Any CPU
		{2FDBCD43-EFFC-405F-AD31-FC08F336FA55}.Release|Any CPU.ActiveCfg = Release|Any CPU
		{2FDBCD43-EFFC-405F-AD31-FC08F336FA55}.Release|Any CPU.Build.0 = Release|Any CPU
	EndGlobalSection
	GlobalSection(SolutionProperties) = preSolution
		HideSolutionNode = FALSE
	EndGlobalSection
	GlobalSection(ExtensibilityGlobals) = postSolution
		SolutionGuid = {8F8D429C-C9E6-4334-8E5B-7422DE0CFAE2}
	EndGlobalSection
EndGlobal
